
Microsoft Visual Studio Solution File, Format Version 12.00
# Visual Studio Version 17
VisualStudioVersion = 17.4.33122.133
MinimumVisualStudioVersion = 10.0.40219.1
Project("{FAE04EC0-301F-11D3-BF4B-00C04F79EFBC}") = "BasicCoreProgram", "BasicCoreProgram.csproj", "{BDA271F9-53C5-46F6-9EA0-9AA57124D388}"
EndProject
Global
	GlobalSection(SolutionConfigurationPlatforms) = preSolution
		Debug|Any CPU = Debug|Any CPU
		Release|Any CPU = Release|Any CPU
	EndGlobalSection
	GlobalSection(ProjectConfigurationPlatforms) = postSolution
		{BDA271F9-53C5-46F6-9EA0-9AA57124D388}.Debug|Any CPU.ActiveCfg = Debug|Any CPU
		{BDA271F9-53C5-46F6-9EA0-9AA57124D388}.Debug|Any CPU.Build.0 = Debug|Any CPU
		{BDA271F9-53C5-46F6-9EA0-9AA57124D388}.Release|Any CPU.ActiveCfg = Release|Any CPU
		{BDA271F9-53C5-46F6-9EA0-9AA57124D388}.Release|Any CPU.Build.0 = Release|Any CPU
	EndGlobalSection
	GlobalSection(SolutionProperties) = preSolution
		HideSolutionNode = FALSE
	EndGlobalSection
	GlobalSection(ExtensibilityGlobals) = postSolution
		SolutionGuid = {DF515C0F-C750-4781-B9F2-A370C2D5A988}
	EndGlobalSection
EndGlobal
